
Microsoft Visual Studio Solution File, Format Version 11.00
# Visual Studio 2010
Project("{FAE04EC0-301F-11D3-BF4B-00C04F79EFBC}") = "Mirror", "Mirror.csproj", "{9f4b16b9-e0c5-d5db-1d64-cd6a65aa8730}"
EndProject
Project("{FAE04EC0-301F-11D3-BF4B-00C04F79EFBC}") = "SimpleWebTransport", "SimpleWebTransport.csproj", "{bd548ee4-7579-93ca-2776-a0be89129e85}"
EndProject
Project("{FAE04EC0-301F-11D3-BF4B-00C04F79EFBC}") = "Mirror.Components", "Mirror.Components.csproj", "{8f01e894-10ec-a3bd-024d-5d475877a859}"
EndProject
Project("{FAE04EC0-301F-11D3-BF4B-00C04F79EFBC}") = "Telepathy", "Telepathy.csproj", "{77668645-742d-6ea7-c3b0-56a6baf4555c}"
EndProject
Project("{FAE04EC0-301F-11D3-BF4B-00C04F79EFBC}") = "kcp2k", "kcp2k.csproj", "{641330b7-69ec-e611-3569-c9ff3dec6f63}"
EndProject
Project("{FAE04EC0-301F-11D3-BF4B-00C04F79EFBC}") = "Assembly-CSharp", "Assembly-CSharp.csproj", "{24cbf176-f4fc-c627-c8ff-dbc04eebedb6}"
EndProject
Project("{FAE04EC0-301F-11D3-BF4B-00C04F79EFBC}") = "where-allocations", "where-allocations.csproj", "{fc6aacbd-a80d-9165-c996-f03b466c8b50}"
EndProject
Project("{FAE04EC0-301F-11D3-BF4B-00C04F79EFBC}") = "Mirror.Authenticators", "Mirror.Authenticators.csproj", "{41d2e856-a7dd-c175-c33e-9d45c483cfd1}"
EndProject
Project("{FAE04EC0-301F-11D3-BF4B-00C04F79EFBC}") = "Unity.Mirror.CodeGen", "Unity.Mirror.CodeGen.csproj", "{2ffd1e13-f20a-527d-0887-b797289d2cbb}"
EndProject
Project("{FAE04EC0-301F-11D3-BF4B-00C04F79EFBC}") = "Mirror.Editor", "Mirror.Editor.csproj", "{d02cff04-31ae-4fdb-cc38-529721e12f8d}"
EndProject
Project("{FAE04EC0-301F-11D3-BF4B-00C04F79EFBC}") = "Mirror.CompilerSymbols", "Mirror.CompilerSymbols.csproj", "{e8da024b-46f4-1d6c-a039-d02300767926}"
EndProject
Global
	GlobalSection(SolutionConfigurationPlatforms) = preSolution
		Debug|Any CPU = Debug|Any CPU
	EndGlobalSection
	GlobalSection(ProjectConfigurationPlatforms) = postSolution
		{9f4b16b9-e0c5-d5db-1d64-cd6a65aa8730}.Debug|Any CPU.ActiveCfg = Debug|Any CPU
		{9f4b16b9-e0c5-d5db-1d64-cd6a65aa8730}.Debug|Any CPU.Build.0 = Debug|Any CPU
		{bd548ee4-7579-93ca-2776-a0be89129e85}.Debug|Any CPU.ActiveCfg = Debug|Any CPU
		{bd548ee4-7579-93ca-2776-a0be89129e85}.Debug|Any CPU.Build.0 = Debug|Any CPU
		{8f01e894-10ec-a3bd-024d-5d475877a859}.Debug|Any CPU.ActiveCfg = Debug|Any CPU
		{8f01e894-10ec-a3bd-024d-5d475877a859}.Debug|Any CPU.Build.0 = Debug|Any CPU
		{77668645-742d-6ea7-c3b0-56a6baf4555c}.Debug|Any CPU.ActiveCfg = Debug|Any CPU
		{77668645-742d-6ea7-c3b0-56a6baf4555c}.Debug|Any CPU.Build.0 = Debug|Any CPU
		{641330b7-69ec-e611-3569-c9ff3dec6f63}.Debug|Any CPU.ActiveCfg = Debug|Any CPU
		{641330b7-69ec-e611-3569-c9ff3dec6f63}.Debug|Any CPU.Build.0 = Debug|Any CPU
		{24cbf176-f4fc-c627-c8ff-dbc04eebedb6}.Debug|Any CPU.ActiveCfg = Debug|Any CPU
		{24cbf176-f4fc-c627-c8ff-dbc04eebedb6}.Debug|Any CPU.Build.0 = Debug|Any CPU
		{fc6aacbd-a80d-9165-c996-f03b466c8b50}.Debug|Any CPU.ActiveCfg = Debug|Any CPU
		{fc6aacbd-a80d-9165-c996-f03b466c8b50}.Debug|Any CPU.Build.0 = Debug|Any CPU
		{41d2e856-a7dd-c175-c33e-9d45c483cfd1}.Debug|Any CPU.ActiveCfg = Debug|Any CPU
		{41d2e856-a7dd-c175-c33e-9d45c483cfd1}.Debug|Any CPU.Build.0 = Debug|Any CPU
		{2ffd1e13-f20a-527d-0887-b797289d2cbb}.Debug|Any CPU.ActiveCfg = Debug|Any CPU
		{2ffd1e13-f20a-527d-0887-b797289d2cbb}.Debug|Any CPU.Build.0 = Debug|Any CPU
		{d02cff04-31ae-4fdb-cc38-529721e12f8d}.Debug|Any CPU.ActiveCfg = Debug|Any CPU
		{d02cff04-31ae-4fdb-cc38-529721e12f8d}.Debug|Any CPU.Build.0 = Debug|Any CPU
		{e8da024b-46f4-1d6c-a039-d02300767926}.Debug|Any CPU.ActiveCfg = Debug|Any CPU
		{e8da024b-46f4-1d6c-a039-d02300767926}.Debug|Any CPU.Build.0 = Debug|Any CPU
	EndGlobalSection
	GlobalSection(SolutionProperties) = preSolution
		HideSolutionNode = FALSE
	EndGlobalSection
EndGlobal
